
Microsoft Visual Studio Solution File, Format Version 12.00
# Visual Studio Version 17
VisualStudioVersion = 17.14.36511.14
MinimumVisualStudioVersion = 10.0.40219.1
Project("{FAE04EC0-301F-11D3-BF4B-00C04F79EFBC}") = "Artigo.API", "Artigo.API\Artigo.API.csproj", "{4FBE1ABE-0A96-4795-830A-B37F13BD3E85}"
EndProject
Project("{FAE04EC0-301F-11D3-BF4B-00C04F79EFBC}") = "Artigo.DbContext", "Artigo.DbContext\Artigo.DbContext.csproj", "{812D70A9-E87E-493A-91C6-9BD31F289451}"
EndProject
Project("{FAE04EC0-301F-11D3-BF4B-00C04F79EFBC}") = "Artigo.Intf", "Artigo.Intf\Artigo.Intf.csproj", "{40E270C7-CFAC-408B-B020-F8A01962245E}"
EndProject
Project("{FAE04EC0-301F-11D3-BF4B-00C04F79EFBC}") = "Artigo.Server", "Artigo.Server\Artigo.Server.csproj", "{A82B36FF-7212-4693-B3F8-2AA6BDFC3C1B}"
EndProject
Project("{FAE04EC0-301F-11D3-BF4B-00C04F79EFBC}") = "Artigo.Testes", "Artigo.Testes\Artigo.Testes.csproj", "{2BA6237C-B54E-498E-9040-6841A0E97AB6}"
EndProject
Global
	GlobalSection(SolutionConfigurationPlatforms) = preSolution
		Debug|Any CPU = Debug|Any CPU
		Release|Any CPU = Release|Any CPU
	EndGlobalSection
	GlobalSection(ProjectConfigurationPlatforms) = postSolution
		{4FBE1ABE-0A96-4795-830A-B37F13BD3E85}.Debug|Any CPU.ActiveCfg = Debug|Any CPU
		{4FBE1ABE-0A96-4795-830A-B37F13BD3E85}.Debug|Any CPU.Build.0 = Debug|Any CPU
		{4FBE1ABE-0A96-4795-830A-B37F13BD3E85}.Release|Any CPU.ActiveCfg = Release|Any CPU
		{4FBE1ABE-0A96-4795-830A-B37F13BD3E85}.Release|Any CPU.Build.0 = Release|Any CPU
		{812D70A9-E87E-493A-91C6-9BD31F289451}.Debug|Any CPU.ActiveCfg = Debug|Any CPU
		{812D70A9-E87E-493A-91C6-9BD31F289451}.Debug|Any CPU.Build.0 = Debug|Any CPU
		{812D70A9-E87E-493A-91C6-9BD31F289451}.Release|Any CPU.ActiveCfg = Release|Any CPU
		{812D70A9-E87E-493A-91C6-9BD31F289451}.Release|Any CPU.Build.0 = Release|Any CPU
		{40E270C7-CFAC-408B-B020-F8A01962245E}.Debug|Any CPU.ActiveCfg = Debug|Any CPU
		{40E270C7-CFAC-408B-B020-F8A01962245E}.Debug|Any CPU.Build.0 = Debug|Any CPU
		{40E270C7-CFAC-408B-B020-F8A01962245E}.Release|Any CPU.ActiveCfg = Release|Any CPU
		{40E270C7-CFAC-408B-B020-F8A01962245E}.Release|Any CPU.Build.0 = Release|Any CPU
		{A82B36FF-7212-4693-B3F8-2AA6BDFC3C1B}.Debug|Any CPU.ActiveCfg = Debug|Any CPU
		{A82B36FF-7212-4693-B3F8-2AA6BDFC3C1B}.Debug|Any CPU.Build.0 = Debug|Any CPU
		{A82B36FF-7212-4693-B3F8-2AA6BDFC3C1B}.Release|Any CPU.ActiveCfg = Release|Any CPU
		{A82B36FF-7212-4693-B3F8-2AA6BDFC3C1B}.Release|Any CPU.Build.0 = Release|Any CPU
		{2BA6237C-B54E-498E-9040-6841A0E97AB6}.Debug|Any CPU.ActiveCfg = Debug|Any CPU
		{2BA6237C-B54E-498E-9040-6841A0E97AB6}.Debug|Any CPU.Build.0 = Debug|Any CPU
		{2BA6237C-B54E-498E-9040-6841A0E97AB6}.Release|Any CPU.ActiveCfg = Release|Any CPU
		{2BA6237C-B54E-498E-9040-6841A0E97AB6}.Release|Any CPU.Build.0 = Release|Any CPU
	EndGlobalSection
	GlobalSection(SolutionProperties) = preSolution
		HideSolutionNode = FALSE
	EndGlobalSection
	GlobalSection(ExtensibilityGlobals) = postSolution
		SolutionGuid = {032AECC0-4B5E-42D5-BCB7-EF4E1123A31A}
	EndGlobalSection
EndGlobal
